
Microsoft Visual Studio Solution File, Format Version 11.00
# Visual Studio 2010
Project("{8BC9CEB8-8B4A-11D0-8D11-00A0C91BC942}") = "SkipList", "SkipListNHashTable.vcxproj", "{0CA72410-8E79-4E74-8225-27282CAAE945}"
EndProject
Project("{8BC9CEB8-8B4A-11D0-8D11-00A0C91BC942}") = "HashTable", "..\HashTable\HashTable.vcxproj", "{BBCAB27D-3EB3-4447-A3C8-D8FCFAA26F20}"
EndProject
Global
	GlobalSection(SolutionConfigurationPlatforms) = preSolution
		Debug|Win32 = Debug|Win32
		Release|Win32 = Release|Win32
	EndGlobalSection
	GlobalSection(ProjectConfigurationPlatforms) = postSolution
		{0CA72410-8E79-4E74-8225-27282CAAE945}.Debug|Win32.ActiveCfg = Debug|Win32
		{0CA72410-8E79-4E74-8225-27282CAAE945}.Debug|Win32.Build.0 = Debug|Win32
		{0CA72410-8E79-4E74-8225-27282CAAE945}.Release|Win32.ActiveCfg = Release|Win32
		{0CA72410-8E79-4E74-8225-27282CAAE945}.Release|Win32.Build.0 = Release|Win32
		{BBCAB27D-3EB3-4447-A3C8-D8FCFAA26F20}.Debug|Win32.ActiveCfg = Debug|Win32
		{BBCAB27D-3EB3-4447-A3C8-D8FCFAA26F20}.Debug|Win32.Build.0 = Debug|Win32
		{BBCAB27D-3EB3-4447-A3C8-D8FCFAA26F20}.Release|Win32.ActiveCfg = Release|Win32
		{BBCAB27D-3EB3-4447-A3C8-D8FCFAA26F20}.Release|Win32.Build.0 = Release|Win32
	EndGlobalSection
	GlobalSection(SolutionProperties) = preSolution
		HideSolutionNode = FALSE
	EndGlobalSection
EndGlobal
