
Microsoft Visual Studio Solution File, Format Version 11.00
# Visual Studio 2010
Project("{8BC9CEB8-8B4A-11D0-8D11-00A0C91BC942}") = "PriorityQueue", "PriorityQueue.vcxproj", "{B4485DD5-AF8F-4996-A74D-65E48A7E57D2}"
EndProject
Global
	GlobalSection(SolutionConfigurationPlatforms) = preSolution
		Debug|Win32 = Debug|Win32
		Release|Win32 = Release|Win32
	EndGlobalSection
	GlobalSection(ProjectConfigurationPlatforms) = postSolution
		{B4485DD5-AF8F-4996-A74D-65E48A7E57D2}.Debug|Win32.ActiveCfg = Debug|Win32
		{B4485DD5-AF8F-4996-A74D-65E48A7E57D2}.Debug|Win32.Build.0 = Debug|Win32
		{B4485DD5-AF8F-4996-A74D-65E48A7E57D2}.Release|Win32.ActiveCfg = Release|Win32
		{B4485DD5-AF8F-4996-A74D-65E48A7E57D2}.Release|Win32.Build.0 = Release|Win32
	EndGlobalSection
	GlobalSection(SolutionProperties) = preSolution
		HideSolutionNode = FALSE
	EndGlobalSection
EndGlobal
