
Microsoft Visual Studio Solution File, Format Version 11.00
# Visual Studio 2010
Project("{8BC9CEB8-8B4A-11D0-8D11-00A0C91BC942}") = "StackTest", "StackTest\StackTest.vcxproj", "{D3A623EA-7C61-48B6-AA92-EA2770F68063}"
EndProject
Global
	GlobalSection(SolutionConfigurationPlatforms) = preSolution
		Debug|Win32 = Debug|Win32
		Release|Win32 = Release|Win32
	EndGlobalSection
	GlobalSection(ProjectConfigurationPlatforms) = postSolution
		{D3A623EA-7C61-48B6-AA92-EA2770F68063}.Debug|Win32.ActiveCfg = Debug|Win32
		{D3A623EA-7C61-48B6-AA92-EA2770F68063}.Debug|Win32.Build.0 = Debug|Win32
		{D3A623EA-7C61-48B6-AA92-EA2770F68063}.Release|Win32.ActiveCfg = Release|Win32
		{D3A623EA-7C61-48B6-AA92-EA2770F68063}.Release|Win32.Build.0 = Release|Win32
	EndGlobalSection
	GlobalSection(SolutionProperties) = preSolution
		HideSolutionNode = FALSE
	EndGlobalSection
EndGlobal
